
Microsoft Visual Studio Solution File, Format Version 12.00
# Visual Studio 14
VisualStudioVersion = 14.0.23107.0
MinimumVisualStudioVersion = 10.0.40219.1
Project("{FAE04EC0-301F-11D3-BF4B-00C04F79EFBC}") = "HelloWorld.Web", "HelloWorld.Web\HelloWorld.Web.csproj", "{D2F6005F-EACD-492F-9481-778EC28BBD3A}"
EndProject
Project("{FAE04EC0-301F-11D3-BF4B-00C04F79EFBC}") = "HelloWorld.Web.Tests", "HelloWorld.Tests\HelloWorld.Web.Tests.csproj", "{6A39DFF2-F7AF-4E3C-98FB-2D611ABA84D2}"
EndProject
Project("{FAE04EC0-301F-11D3-BF4B-00C04F79EFBC}") = "HelloWorld.BLL", "HelloWorld.BLL\HelloWorld.BLL.csproj", "{3BDB5F3F-6E60-417F-A134-6D404491D9DF}"
EndProject
Global
	GlobalSection(SolutionConfigurationPlatforms) = preSolution
		Debug|Any CPU = Debug|Any CPU
		Release|Any CPU = Release|Any CPU
	EndGlobalSection
	GlobalSection(ProjectConfigurationPlatforms) = postSolution
		{D2F6005F-EACD-492F-9481-778EC28BBD3A}.Debug|Any CPU.ActiveCfg = Debug|Any CPU
		{D2F6005F-EACD-492F-9481-778EC28BBD3A}.Debug|Any CPU.Build.0 = Debug|Any CPU
		{D2F6005F-EACD-492F-9481-778EC28BBD3A}.Release|Any CPU.ActiveCfg = Release|Any CPU
		{D2F6005F-EACD-492F-9481-778EC28BBD3A}.Release|Any CPU.Build.0 = Release|Any CPU
		{6A39DFF2-F7AF-4E3C-98FB-2D611ABA84D2}.Debug|Any CPU.ActiveCfg = Debug|Any CPU
		{6A39DFF2-F7AF-4E3C-98FB-2D611ABA84D2}.Debug|Any CPU.Build.0 = Debug|Any CPU
		{6A39DFF2-F7AF-4E3C-98FB-2D611ABA84D2}.Release|Any CPU.ActiveCfg = Release|Any CPU
		{6A39DFF2-F7AF-4E3C-98FB-2D611ABA84D2}.Release|Any CPU.Build.0 = Release|Any CPU
		{3BDB5F3F-6E60-417F-A134-6D404491D9DF}.Debug|Any CPU.ActiveCfg = Debug|Any CPU
		{3BDB5F3F-6E60-417F-A134-6D404491D9DF}.Debug|Any CPU.Build.0 = Debug|Any CPU
		{3BDB5F3F-6E60-417F-A134-6D404491D9DF}.Release|Any CPU.ActiveCfg = Release|Any CPU
		{3BDB5F3F-6E60-417F-A134-6D404491D9DF}.Release|Any CPU.Build.0 = Release|Any CPU
	EndGlobalSection
	GlobalSection(SolutionProperties) = preSolution
		HideSolutionNode = FALSE
	EndGlobalSection
EndGlobal
